// !$*UTF8*$!
{
	archiveVersion = 1;
	classes = {
	};
	objectVersion = 50;
	objects = {

/* Begin PBXBuildFile section */
		667D279926E5902D005F245B /* LearnMusicAppApp.swift in Sources */ = {isa = PBXBuildFile; fileRef = 667D279826E5902D005F245B /* LearnMusicAppApp.swift */; };
		667D279B26E5902D005F245B /* ContentView.swift in Sources */ = {isa = PBXBuildFile; fileRef = 667D279A26E5902D005F245B /* ContentView.swift */; };
		667D279D26E5902E005F245B /* Assets.xcassets in Resources */ = {isa = PBXBuildFile; fileRef = 667D279C26E5902E005F245B /* Assets.xcassets */; };
		667D27A026E5902E005F245B /* Preview Assets.xcassets in Resources */ = {isa = PBXBuildFile; fileRef = 667D279F26E5902E005F245B /* Preview Assets.xcassets */; };
		667D27AC26E59192005F245B /* BigButton.swift in Sources */ = {isa = PBXBuildFile; fileRef = 667D27AB26E59192005F245B /* BigButton.swift */; };
		667D27AE26E59199005F245B /* QuestionView.swift in Sources */ = {isa = PBXBuildFile; fileRef = 667D27AD26E59199005F245B /* QuestionView.swift */; };
		667D27B026E591A4005F245B /* QuestionModel.swift in Sources */ = {isa = PBXBuildFile; fileRef = 667D27AF26E591A4005F245B /* QuestionModel.swift */; };
		667D27B226E591B3005F245B /* ModelData.swift in Sources */ = {isa = PBXBuildFile; fileRef = 667D27B126E591B3005F245B /* ModelData.swift */; };
		667D27B426E5922E005F245B /* questions.json in Resources */ = {isa = PBXBuildFile; fileRef = 667D27B326E5922E005F245B /* questions.json */; };
		6690343E26E5C67E002972FE /* CorrectChoiceView.swift in Sources */ = {isa = PBXBuildFile; fileRef = 6690343D26E5C67E002972FE /* CorrectChoiceView.swift */; };
		6690344026E5C6CC002972FE /* IncorrectChoiceView.swift in Sources */ = {isa = PBXBuildFile; fileRef = 6690343F26E5C6CC002972FE /* IncorrectChoiceView.swift */; };
		6690344226E5C9D9002972FE /* Constants.swift in Sources */ = {isa = PBXBuildFile; fileRef = 6690344126E5C9D9002972FE /* Constants.swift */; };
		6690344426E5CAD8002972FE /* PlayNoteView.swift in Sources */ = {isa = PBXBuildFile; fileRef = 6690344326E5CAD8002972FE /* PlayNoteView.swift */; };
		6690344626E5CF55002972FE /* SoundManager.swift in Sources */ = {isa = PBXBuildFile; fileRef = 6690344526E5CF55002972FE /* SoundManager.swift */; };
/* End PBXBuildFile section */

/* Begin PBXFileReference section */
		667D279526E5902D005F245B /* LearnMusicApp.app */ = {isa = PBXFileReference; explicitFileType = wrapper.application; includeInIndex = 0; path = LearnMusicApp.app; sourceTree = BUILT_PRODUCTS_DIR; };
		667D279826E5902D005F245B /* LearnMusicAppApp.swift */ = {isa = PBXFileReference; lastKnownFileType = sourcecode.swift; path = LearnMusicAppApp.swift; sourceTree = "<group>"; };
		667D279A26E5902D005F245B /* ContentView.swift */ = {isa = PBXFileReference; lastKnownFileType = sourcecode.swift; path = ContentView.swift; sourceTree = "<group>"; };
		667D279C26E5902E005F245B /* Assets.xcassets */ = {isa = PBXFileReference; lastKnownFileType = folder.assetcatalog; path = Assets.xcassets; sourceTree = "<group>"; };
		667D279F26E5902E005F245B /* Preview Assets.xcassets */ = {isa = PBXFileReference; lastKnownFileType = folder.assetcatalog; path = "Preview Assets.xcassets"; sourceTree = "<group>"; };
		667D27A126E5902E005F245B /* Info.plist */ = {isa = PBXFileReference; lastKnownFileType = text.plist.xml; path = Info.plist; sourceTree = "<group>"; };
		667D27AB26E59192005F245B /* BigButton.swift */ = {isa = PBXFileReference; fileEncoding = 4; lastKnownFileType = sourcecode.swift; path = BigButton.swift; sourceTree = "<group>"; };
		667D27AD26E59199005F245B /* QuestionView.swift */ = {isa = PBXFileReference; fileEncoding = 4; lastKnownFileType = sourcecode.swift; path = QuestionView.swift; sourceTree = "<group>"; };
		667D27AF26E591A4005F245B /* QuestionModel.swift */ = {isa = PBXFileReference; fileEncoding = 4; lastKnownFileType = sourcecode.swift; path = QuestionModel.swift; sourceTree = "<group>"; };
		667D27B126E591B3005F245B /* ModelData.swift */ = {isa = PBXFileReference; fileEncoding = 4; lastKnownFileType = sourcecode.swift; path = ModelData.swift; sourceTree = "<group>"; };
		667D27B326E5922E005F245B /* questions.json */ = {isa = PBXFileReference; fileEncoding = 4; lastKnownFileType = text.json; path = questions.json; sourceTree = "<group>"; };
		6690343D26E5C67E002972FE /* CorrectChoiceView.swift */ = {isa = PBXFileReference; lastKnownFileType = sourcecode.swift; path = CorrectChoiceView.swift; sourceTree = "<group>"; };
		6690343F26E5C6CC002972FE /* IncorrectChoiceView.swift */ = {isa = PBXFileReference; lastKnownFileType = sourcecode.swift; path = IncorrectChoiceView.swift; sourceTree = "<group>"; };
		6690344126E5C9D9002972FE /* Constants.swift */ = {isa = PBXFileReference; lastKnownFileType = sourcecode.swift; path = Constants.swift; sourceTree = "<group>"; };
		6690344326E5CAD8002972FE /* PlayNoteView.swift */ = {isa = PBXFileReference; lastKnownFileType = sourcecode.swift; path = PlayNoteView.swift; sourceTree = "<group>"; };
		6690344526E5CF55002972FE /* SoundManager.swift */ = {isa = PBXFileReference; lastKnownFileType = sourcecode.swift; path = SoundManager.swift; sourceTree = "<group>"; };
/* End PBXFileReference section */

/* Begin PBXFrameworksBuildPhase section */
		667D279226E5902D005F245B /* Frameworks */ = {
			isa = PBXFrameworksBuildPhase;
			buildActionMask = 2147483647;
			files = (
			);
			runOnlyForDeploymentPostprocessing = 0;
		};
/* End PBXFrameworksBuildPhase section */

/* Begin PBXGroup section */
		667D278C26E5902D005F245B = {
			isa = PBXGroup;
			children = (
				667D279726E5902D005F245B /* LearnMusicApp */,
				667D279626E5902D005F245B /* Products */,
			);
			sourceTree = "<group>";
		};
		667D279626E5902D005F245B /* Products */ = {
			isa = PBXGroup;
			children = (
				667D279526E5902D005F245B /* LearnMusicApp.app */,
			);
			name = Products;
			sourceTree = "<group>";
		};
		667D279726E5902D005F245B /* LearnMusicApp */ = {
			isa = PBXGroup;
			children = (
				6690344126E5C9D9002972FE /* Constants.swift */,
				667D27B326E5922E005F245B /* questions.json */,
				667D27A726E5915E005F245B /* Buttons */,
				667D27A926E5916D005F245B /* Models */,
				667D27AA26E5917B005F245B /* Utils */,
				667D27A826E59165005F245B /* Views */,
				667D279826E5902D005F245B /* LearnMusicAppApp.swift */,
				667D279A26E5902D005F245B /* ContentView.swift */,
				667D279C26E5902E005F245B /* Assets.xcassets */,
				667D27A126E5902E005F245B /* Info.plist */,
				667D279E26E5902E005F245B /* Preview Content */,
			);
			path = LearnMusicApp;
			sourceTree = "<group>";
		};
		667D279E26E5902E005F245B /* Preview Content */ = {
			isa = PBXGroup;
			children = (
				667D279F26E5902E005F245B /* Preview Assets.xcassets */,
			);
			path = "Preview Content";
			sourceTree = "<group>";
		};
		667D27A726E5915E005F245B /* Buttons */ = {
			isa = PBXGroup;
			children = (
				667D27AB26E59192005F245B /* BigButton.swift */,
			);
			path = Buttons;
			sourceTree = "<group>";
		};
		667D27A826E59165005F245B /* Views */ = {
			isa = PBXGroup;
			children = (
				667D27AD26E59199005F245B /* QuestionView.swift */,
				6690344326E5CAD8002972FE /* PlayNoteView.swift */,
				6690343D26E5C67E002972FE /* CorrectChoiceView.swift */,
				6690343F26E5C6CC002972FE /* IncorrectChoiceView.swift */,
			);
			path = Views;
			sourceTree = "<group>";
		};
		667D27A926E5916D005F245B /* Models */ = {
			isa = PBXGroup;
			children = (
				667D27AF26E591A4005F245B /* QuestionModel.swift */,
			);
			path = Models;
			sourceTree = "<group>";
		};
		667D27AA26E5917B005F245B /* Utils */ = {
			isa = PBXGroup;
			children = (
				667D27B126E591B3005F245B /* ModelData.swift */,
				6690344526E5CF55002972FE /* SoundManager.swift */,
			);
			path = Utils;
			sourceTree = "<group>";
		};
/* End PBXGroup section */

/* Begin PBXNativeTarget section */
		667D279426E5902D005F245B /* LearnMusicApp */ = {
			isa = PBXNativeTarget;
			buildConfigurationList = 667D27A426E5902E005F245B /* Build configuration list for PBXNativeTarget "LearnMusicApp" */;
			buildPhases = (
				667D279126E5902D005F245B /* Sources */,
				667D279226E5902D005F245B /* Frameworks */,
				667D279326E5902D005F245B /* Resources */,
			);
			buildRules = (
			);
			dependencies = (
			);
			name = LearnMusicApp;
			productName = LearnMusicApp;
			productReference = 667D279526E5902D005F245B /* LearnMusicApp.app */;
			productType = "com.apple.product-type.application";
		};
/* End PBXNativeTarget section */

/* Begin PBXProject section */
		667D278D26E5902D005F245B /* Project object */ = {
			isa = PBXProject;
			attributes = {
				LastSwiftUpdateCheck = 1250;
				LastUpgradeCheck = 1250;
				TargetAttributes = {
					667D279426E5902D005F245B = {
						CreatedOnToolsVersion = 12.5.1;
					};
				};
			};
			buildConfigurationList = 667D279026E5902D005F245B /* Build configuration list for PBXProject "LearnMusicApp" */;
			compatibilityVersion = "Xcode 9.3";
			developmentRegion = en;
			hasScannedForEncodings = 0;
			knownRegions = (
				en,
				Base,
			);
			mainGroup = 667D278C26E5902D005F245B;
			productRefGroup = 667D279626E5902D005F245B /* Products */;
			projectDirPath = "";
			projectRoot = "";
			targets = (
				667D279426E5902D005F245B /* LearnMusicApp */,
			);
		};
/* End PBXProject section */

/* Begin PBXResourcesBuildPhase section */
		667D279326E5902D005F245B /* Resources */ = {
			isa = PBXResourcesBuildPhase;
			buildActionMask = 2147483647;
			files = (
				667D27B426E5922E005F245B /* questions.json in Resources */,
				667D27A026E5902E005F245B /* Preview Assets.xcassets in Resources */,
				667D279D26E5902E005F245B /* Assets.xcassets in Resources */,
			);
			runOnlyForDeploymentPostprocessing = 0;
		};
/* End PBXResourcesBuildPhase section */

/* Begin PBXSourcesBuildPhase section */
		667D279126E5902D005F245B /* Sources */ = {
			isa = PBXSourcesBuildPhase;
			buildActionMask = 2147483647;
			files = (
				667D27AE26E59199005F245B /* QuestionView.swift in Sources */,
				667D279B26E5902D005F245B /* ContentView.swift in Sources */,
				667D279926E5902D005F245B /* LearnMusicAppApp.swift in Sources */,
				6690344026E5C6CC002972FE /* IncorrectChoiceView.swift in Sources */,
				6690344426E5CAD8002972FE /* PlayNoteView.swift in Sources */,
				6690343E26E5C67E002972FE /* CorrectChoiceView.swift in Sources */,
				667D27AC26E59192005F245B /* BigButton.swift in Sources */,
				667D27B026E591A4005F245B /* QuestionModel.swift in Sources */,
				667D27B226E591B3005F245B /* ModelData.swift in Sources */,
				6690344626E5CF55002972FE /* SoundManager.swift in Sources */,
				6690344226E5C9D9002972FE /* Constants.swift in Sources */,
			);
			runOnlyForDeploymentPostprocessing = 0;
		};
/* End PBXSourcesBuildPhase section */

/* Begin XCBuildConfiguration section */
		667D27A226E5902E005F245B /* Debug */ = {
			isa = XCBuildConfiguration;
			buildSettings = {
				ALWAYS_SEARCH_USER_PATHS = NO;
				CLANG_ANALYZER_NONNULL = YES;
				CLANG_ANALYZER_NUMBER_OBJECT_CONVERSION = YES_AGGRESSIVE;
				CLANG_CXX_LANGUAGE_STANDARD = "gnu++14";
				CLANG_CXX_LIBRARY = "libc++";
				CLANG_ENABLE_MODULES = YES;
				CLANG_ENABLE_OBJC_ARC = YES;
				CLANG_ENABLE_OBJC_WEAK = YES;
				CLANG_WARN_BLOCK_CAPTURE_AUTORELEASING = YES;
				CLANG_WARN_BOOL_CONVERSION = YES;
				CLANG_WARN_COMMA = YES;
				CLANG_WARN_CONSTANT_CONVERSION = YES;
				CLANG_WARN_DEPRECATED_OBJC_IMPLEMENTATIONS = YES;
				CLANG_WARN_DIRECT_OBJC_ISA_USAGE = YES_ERROR;
				CLANG_WARN_DOCUMENTATION_COMMENTS = YES;
				CLANG_WARN_EMPTY_BODY = YES;
				CLANG_WARN_ENUM_CONVERSION = YES;
				CLANG_WARN_INFINITE_RECURSION = YES;
				CLANG_WARN_INT_CONVERSION = YES;
				CLANG_WARN_NON_LITERAL_NULL_CONVERSION = YES;
				CLANG_WARN_OBJC_IMPLICIT_RETAIN_SELF = YES;
				CLANG_WARN_OBJC_LITERAL_CONVERSION = YES;
				CLANG_WARN_OBJC_ROOT_CLASS = YES_ERROR;
				CLANG_WARN_QUOTED_INCLUDE_IN_FRAMEWORK_HEADER = YES;
				CLANG_WARN_RANGE_LOOP_ANALYSIS = YES;
				CLANG_WARN_STRICT_PROTOTYPES = YES;
				CLANG_WARN_SUSPICIOUS_MOVE = YES;
				CLANG_WARN_UNGUARDED_AVAILABILITY = YES_AGGRESSIVE;
				CLANG_WARN_UNREACHABLE_CODE = YES;
				CLANG_WARN__DUPLICATE_METHOD_MATCH = YES;
				COPY_PHASE_STRIP = NO;
				DEBUG_INFORMATION_FORMAT = dwarf;
				ENABLE_STRICT_OBJC_MSGSEND = YES;
				ENABLE_TESTABILITY = YES;
				GCC_C_LANGUAGE_STANDARD = gnu11;
				GCC_DYNAMIC_NO_PIC = NO;
				GCC_NO_COMMON_BLOCKS = YES;
				GCC_OPTIMIZATION_LEVEL = 0;
				GCC_PREPROCESSOR_DEFINITIONS = (
					"DEBUG=1",
					"$(inherited)",
				);
				GCC_WARN_64_TO_32_BIT_CONVERSION = YES;
				GCC_WARN_ABOUT_RETURN_TYPE = YES_ERROR;
				GCC_WARN_UNDECLARED_SELECTOR = YES;
				GCC_WARN_UNINITIALIZED_AUTOS = YES_AGGRESSIVE;
				GCC_WARN_UNUSED_FUNCTION = YES;
				GCC_WARN_UNUSED_VARIABLE = YES;
				IPHONEOS_DEPLOYMENT_TARGET = 14.5;
				MTL_ENABLE_DEBUG_INFO = INCLUDE_SOURCE;
				MTL_FAST_MATH = YES;
				ONLY_ACTIVE_ARCH = YES;
				SDKROOT = iphoneos;
				SWIFT_ACTIVE_COMPILATION_CONDITIONS = DEBUG;
				SWIFT_OPTIMIZATION_LEVEL = "-Onone";
			};
			name = Debug;
		};
		667D27A326E5902E005F245B /* Release */ = {
			isa = XCBuildConfiguration;
			buildSettings = {
				ALWAYS_SEARCH_USER_PATHS = NO;
				CLANG_ANALYZER_NONNULL = YES;
				CLANG_ANALYZER_NUMBER_OBJECT_CONVERSION = YES_AGGRESSIVE;
				CLANG_CXX_LANGUAGE_STANDARD = "gnu++14";
				CLANG_CXX_LIBRARY = "libc++";
				CLANG_ENABLE_MODULES = YES;
				CLANG_ENABLE_OBJC_ARC = YES;
				CLANG_ENABLE_OBJC_WEAK = YES;
				CLANG_WARN_BLOCK_CAPTURE_AUTORELEASING = YES;
				CLANG_WARN_BOOL_CONVERSION = YES;
				CLANG_WARN_COMMA = YES;
				CLANG_WARN_CONSTANT_CONVERSION = YES;
				CLANG_WARN_DEPRECATED_OBJC_IMPLEMENTATIONS = YES;
				CLANG_WARN_DIRECT_OBJC_ISA_USAGE = YES_ERROR;
				CLANG_WARN_DOCUMENTATION_COMMENTS = YES;
				CLANG_WARN_EMPTY_BODY = YES;
				CLANG_WARN_ENUM_CONVERSION = YES;
				CLANG_WARN_INFINITE_RECURSION = YES;
				CLANG_WARN_INT_CONVERSION = YES;
				CLANG_WARN_NON_LITERAL_NULL_CONVERSION = YES;
				CLANG_WARN_OBJC_IMPLICIT_RETAIN_SELF = YES;
				CLANG_WARN_OBJC_LITERAL_CONVERSION = YES;
				CLANG_WARN_OBJC_ROOT_CLASS = YES_ERROR;
				CLANG_WARN_QUOTED_INCLUDE_IN_FRAMEWORK_HEADER = YES;
				CLANG_WARN_RANGE_LOOP_ANALYSIS = YES;
				CLANG_WARN_STRICT_PROTOTYPES = YES;
				CLANG_WARN_SUSPICIOUS_MOVE = YES;
				CLANG_WARN_UNGUARDED_AVAILABILITY = YES_AGGRESSIVE;
				CLANG_WARN_UNREACHABLE_CODE = YES;
				CLANG_WARN__DUPLICATE_METHOD_MATCH = YES;
				COPY_PHASE_STRIP = NO;
				DEBUG_INFORMATION_FORMAT = "dwarf-with-dsym";
				ENABLE_NS_ASSERTIONS = NO;
				ENABLE_STRICT_OBJC_MSGSEND = YES;
				GCC_C_LANGUAGE_STANDARD = gnu11;
				GCC_NO_COMMON_BLOCKS = YES;
				GCC_WARN_64_TO_32_BIT_CONVERSION = YES;
				GCC_WARN_ABOUT_RETURN_TYPE = YES_ERROR;
				GCC_WARN_UNDECLARED_SELECTOR = YES;
				GCC_WARN_UNINITIALIZED_AUTOS = YES_AGGRESSIVE;
				GCC_WARN_UNUSED_FUNCTION = YES;
				GCC_WARN_UNUSED_VARIABLE = YES;
				IPHONEOS_DEPLOYMENT_TARGET = 14.5;
				MTL_ENABLE_DEBUG_INFO = NO;
				MTL_FAST_MATH = YES;
				SDKROOT = iphoneos;
				SWIFT_COMPILATION_MODE = wholemodule;
				SWIFT_OPTIMIZATION_LEVEL = "-O";
				VALIDATE_PRODUCT = YES;
			};
			name = Release;
		};
		667D27A526E5902E005F245B /* Debug */ = {
			isa = XCBuildConfiguration;
			buildSettings = {
				ASSETCATALOG_COMPILER_APPICON_NAME = AppIcon;
				ASSETCATALOG_COMPILER_GLOBAL_ACCENT_COLOR_NAME = AccentColor;
				CODE_SIGN_STYLE = Automatic;
				DEVELOPMENT_ASSET_PATHS = "\"LearnMusicApp/Preview Content\"";
				ENABLE_PREVIEWS = YES;
				INFOPLIST_FILE = LearnMusicApp/Info.plist;
				IPHONEOS_DEPLOYMENT_TARGET = 14.0;
				LD_RUNPATH_SEARCH_PATHS = (
					"$(inherited)",
					"@executable_path/Frameworks",
				);
				PRODUCT_BUNDLE_IDENTIFIER = DB.LearnMusicApp;
				PRODUCT_NAME = "$(TARGET_NAME)";
				SWIFT_VERSION = 5.0;
				TARGETED_DEVICE_FAMILY = "1,2";
			};
			name = Debug;
		};
		667D27A626E5902E005F245B /* Release */ = {
			isa = XCBuildConfiguration;
			buildSettings = {
				ASSETCATALOG_COMPILER_APPICON_NAME = AppIcon;
				ASSETCATALOG_COMPILER_GLOBAL_ACCENT_COLOR_NAME = AccentColor;
				CODE_SIGN_STYLE = Automatic;
				DEVELOPMENT_ASSET_PATHS = "\"LearnMusicApp/Preview Content\"";
				ENABLE_PREVIEWS = YES;
				INFOPLIST_FILE = LearnMusicApp/Info.plist;
				IPHONEOS_DEPLOYMENT_TARGET = 14.0;
				LD_RUNPATH_SEARCH_PATHS = (
					"$(inherited)",
					"@executable_path/Frameworks",
				);
				PRODUCT_BUNDLE_IDENTIFIER = DB.LearnMusicApp;
				PRODUCT_NAME = "$(TARGET_NAME)";
				SWIFT_VERSION = 5.0;
				TARGETED_DEVICE_FAMILY = "1,2";
			};
			name = Release;
		};
/* End XCBuildConfiguration section */

/* Begin XCConfigurationList section */
		667D279026E5902D005F245B /* Build configuration list for PBXProject "LearnMusicApp" */ = {
			isa = XCConfigurationList;
			buildConfigurations = (
				667D27A226E5902E005F245B /* Debug */,
				667D27A326E5902E005F245B /* Release */,
			);
			defaultConfigurationIsVisible = 0;
			defaultConfigurationName = Release;
		};
		667D27A426E5902E005F245B /* Build configuration list for PBXNativeTarget "LearnMusicApp" */ = {
			isa = XCConfigurationList;
			buildConfigurations = (
				667D27A526E5902E005F245B /* Debug */,
				667D27A626E5902E005F245B /* Release */,
			);
			defaultConfigurationIsVisible = 0;
			defaultConfigurationName = Release;
		};
/* End XCConfigurationList section */
	};
	rootObject = 667D278D26E5902D005F245B /* Project object */;
}
